
Microsoft Visual Studio Solution File, Format Version 12.00
# Visual Studio Version 16
VisualStudioVersion = 16.0.31402.337
MinimumVisualStudioVersion = 10.0.40219.1
Project("{FAE04EC0-301F-11D3-BF4B-00C04F79EFBC}") = "DataModel", "DataModel.csproj", "{93754BF5-D85D-4CA6-904B-74141F8345EF}"
EndProject
Global
	GlobalSection(SolutionConfigurationPlatforms) = preSolution
		Debug|Any CPU = Debug|Any CPU
		Release|Any CPU = Release|Any CPU
	EndGlobalSection
	GlobalSection(ProjectConfigurationPlatforms) = postSolution
		{93754BF5-D85D-4CA6-904B-74141F8345EF}.Debug|Any CPU.ActiveCfg = Debug|Any CPU
		{93754BF5-D85D-4CA6-904B-74141F8345EF}.Debug|Any CPU.Build.0 = Debug|Any CPU
		{93754BF5-D85D-4CA6-904B-74141F8345EF}.Release|Any CPU.ActiveCfg = Release|Any CPU
		{93754BF5-D85D-4CA6-904B-74141F8345EF}.Release|Any CPU.Build.0 = Release|Any CPU
	EndGlobalSection
	GlobalSection(SolutionProperties) = preSolution
		HideSolutionNode = FALSE
	EndGlobalSection
	GlobalSection(ExtensibilityGlobals) = postSolution
		SolutionGuid = {571CC62F-A8AB-4793-A485-FE7825094E77}
	EndGlobalSection
EndGlobal
